
Microsoft Visual Studio Solution File, Format Version 12.00
# Visual Studio Version 16
VisualStudioVersion = 16.0.29806.167
MinimumVisualStudioVersion = 10.0.40219.1
Project("{FAE04EC0-301F-11D3-BF4B-00C04F79EFBC}") = "CustomList", "CustomList\CustomList.csproj", "{1D759AC2-61BE-4268-838E-F19A8453D49D}"
EndProject
Project("{FAE04EC0-301F-11D3-BF4B-00C04F79EFBC}") = "CustomListUnitTesting", "CustomListUnitTesting\CustomListUnitTesting.csproj", "{2B501C6C-0D13-4C70-BAC5-02AC049C6D59}"
EndProject
Global
	GlobalSection(SolutionConfigurationPlatforms) = preSolution
		Debug|Any CPU = Debug|Any CPU
		Release|Any CPU = Release|Any CPU
	EndGlobalSection
	GlobalSection(ProjectConfigurationPlatforms) = postSolution
		{1D759AC2-61BE-4268-838E-F19A8453D49D}.Debug|Any CPU.ActiveCfg = Debug|Any CPU
		{1D759AC2-61BE-4268-838E-F19A8453D49D}.Debug|Any CPU.Build.0 = Debug|Any CPU
		{1D759AC2-61BE-4268-838E-F19A8453D49D}.Release|Any CPU.ActiveCfg = Release|Any CPU
		{1D759AC2-61BE-4268-838E-F19A8453D49D}.Release|Any CPU.Build.0 = Release|Any CPU
		{2B501C6C-0D13-4C70-BAC5-02AC049C6D59}.Debug|Any CPU.ActiveCfg = Debug|Any CPU
		{2B501C6C-0D13-4C70-BAC5-02AC049C6D59}.Debug|Any CPU.Build.0 = Debug|Any CPU
		{2B501C6C-0D13-4C70-BAC5-02AC049C6D59}.Release|Any CPU.ActiveCfg = Release|Any CPU
		{2B501C6C-0D13-4C70-BAC5-02AC049C6D59}.Release|Any CPU.Build.0 = Release|Any CPU
	EndGlobalSection
	GlobalSection(SolutionProperties) = preSolution
		HideSolutionNode = FALSE
	EndGlobalSection
	GlobalSection(ExtensibilityGlobals) = postSolution
		SolutionGuid = {1E8E2CA8-422E-406D-A34B-95D9E44F94EF}
	EndGlobalSection
EndGlobal
